lockfileVersion: '6.0'

settings:
  autoInstallPeers: true
  excludeLinksFromLockfile: false

dependencies:
  '@google/generative-ai':
    specifier: ^0.2.1
    version: 0.2.1
  colors:
    specifier: ^1.4.0
    version: 1.4.0
  dotenv:
    specifier: ^16.4.4
    version: 16.4.4
  node-fetch:
    specifier: ^3.3.2
    version: 3.3.2
  revolt.js:
    specifier: 7.0.0-beta.11
    version: 7.0.0-beta.11(typescript@5.1.6)

packages:

  /@fastify/busboy@2.1.0:
    resolution: {integrity: sha512-+KpH+QxZU7O4675t3mnkQKcZZg56u+K/Ct2K+N2AZYNVK8kyeo/bI18tI8aPm3tvNNRyTWfj6s5tnGNlcbQRsA==}
    engines: {node: '>=14'}
    requiresBuild: true
    dev: false
    optional: true

  /@google/generative-ai@0.2.1:
    resolution: {integrity: sha512-gNmMFadfwi7qf/6M9gImgyGJXY1jKQ/de8vGOqgJ0PPYgQ7WwzZDavbKrIuXS2zdqZZaYtxW3EFN6aG9x5wtFw==}
    engines: {node: '>=18.0.0'}
    dev: false

  /@insertish/oapi@0.1.18:
    resolution: {integrity: sha512-LZLUk3WmzUjCM0quensexvQx/Kk1MpFBtCLJRnRrPOiaFT37JpOmWUFlrdu0sPS6B9wi2edEBeLcsnIiq85WMA==}
    hasBin: true
    dependencies:
      typescript: 4.9.5
    optionalDependencies:
      axios: 0.26.1
      openapi-typescript: 5.4.1
    transitivePeerDependencies:
      - debug
    dev: false

  /@mxssfd/typedoc-theme@1.1.3(typedoc@0.24.8):
    resolution: {integrity: sha512-/yP5rqhvibMpzXpmw0YLLRCpoj3uVWWlwyJseZXzGxTfiA6/fd1uubUqNoQAi2U19atMDonq8mQc+hlVctrX4g==}
    engines: {node: '>= 14'}
    peerDependencies:
      typedoc: ^0.25.1
    dependencies:
      typedoc: 0.24.8(typescript@5.1.6)
    dev: false

  /@solid-primitives/map@0.4.9(solid-js@1.8.15):
    resolution: {integrity: sha512-wMbIhfn24QDnNqJHRskFjKJ2bwvcx28/S0xBKoZdRdUaqIPZYWOVT8SM++dfWS44YdC2kJPF4RSTY1022aujLA==}
    peerDependencies:
      solid-js: ^1.6.12
    dependencies:
      '@solid-primitives/trigger': 1.0.9(solid-js@1.8.15)
      solid-js: 1.8.15
    dev: false

  /@solid-primitives/set@0.4.9(solid-js@1.8.15):
    resolution: {integrity: sha512-iQ83QmW99FVEOcbaZePgwzjpKDqIUgGkgD2G2AMKRHqS8VPRPhW3mFeBiCXCrNCWxm3yiIbLRxhOkRmbNf4tEA==}
    peerDependencies:
      solid-js: ^1.6.12
    dependencies:
      '@solid-primitives/trigger': 1.0.9(solid-js@1.8.15)
      solid-js: 1.8.15
    dev: false

  /@solid-primitives/trigger@1.0.9(solid-js@1.8.15):
    resolution: {integrity: sha512-hW9r8LkFQ0KSAtesSVUfZ9uIAuttslndgfJs+hD+SD1C5JwHyDm4sFoJKzahexh04iKX29JXmuDEjdjudIWqFQ==}
    peerDependencies:
      solid-js: ^1.6.12
    dependencies:
      '@solid-primitives/utils': 6.2.2(solid-js@1.8.15)
      solid-js: 1.8.15
    dev: false

  /@solid-primitives/utils@6.2.2(solid-js@1.8.15):
    resolution: {integrity: sha512-11ypVbp987XxETeRqY5Y3OmmTpm8/jZqJXRvo6AyqBthzkvvjEdReuUMU2yVb+pwWGxfZpWHZ6EUCcGXUMhfwg==}
    peerDependencies:
      solid-js: ^1.6.12
    dependencies:
      solid-js: 1.8.15
    dev: false

  /ansi-sequence-parser@1.1.1:
    resolution: {integrity: sha512-vJXt3yiaUL4UU546s3rPXlsry/RnM730G1+HkpKE012AN0sx1eOrxSu95oKDIonskeLTijMgqWZ3uDEe3NFvyg==}
    dev: false

  /argparse@2.0.1:
    resolution: {integrity: sha512-8+9WqebbFzpX9OR+Wa6O29asIogeRMzcGtAINdpMHHyAg10f05aSFVBbcEqGf/PXw1EjAZ+q2/bEBg3DvurK3Q==}
    requiresBuild: true
    dev: false
    optional: true

  /axios@0.26.1:
    resolution: {integrity: sha512-fPwcX4EvnSHuInCMItEhAGnaSEXRBjtzh9fOtsE6E1G6p7vl7edEeZe11QHf18+6+9gR5PbKV/sGKNaD8YaMeA==}
    dependencies:
      follow-redirects: 1.15.5
    transitivePeerDependencies:
      - debug
    dev: false

  /balanced-match@1.0.2:
    resolution: {integrity: sha512-3oSeUO0TMV67hN1AmbXsK4yaqU7tjiHlbxRDZOpH0KW9+CeX4bRAaX0Anxt0tx2MrpRpWwQaPwIlISEJhYU5Pw==}
    dev: false

  /brace-expansion@2.0.1:
    resolution: {integrity: sha512-XnAIvQ8eM+kC6aULx6wuQiwVsnzsi9d3WxzV3FpWTGA19F621kwdbsAcFKXgKUHZWsy+mY6iL1sHTxWEFCytDA==}
    dependencies:
      balanced-match: 1.0.2
    dev: false

  /colors@1.4.0:
    resolution: {integrity: sha512-a+UqTh4kgZg/SlGvfbzDHpgRu7AAQOmmqRHJnxhRZICKFUT91brVhNNt58CMWU9PsBbv3PDCZUHbVxuDiH2mtA==}
    engines: {node: '>=0.1.90'}
    dev: false

  /csstype@3.1.3:
    resolution: {integrity: sha512-M1uQkMl8rQK/szD0LNhtqxIPLpimGm8sOBwU7lLnCpSbTyY3yeU1Vc7l4KT5zT4s/yOxHH5O7tIuuLOCnLADRw==}
    dev: false

  /data-uri-to-buffer@4.0.1:
    resolution: {integrity: sha512-0R9ikRb668HB7QDxT1vkpuUBtqc53YyAwMwGeUFKRojY/NWKvdZ+9UYtRfGmhqNbRkTSVpMbmyhXipFFv2cb/A==}
    engines: {node: '>= 12'}
    dev: false

  /dotenv@16.4.4:
    resolution: {integrity: sha512-XvPXc8XAQThSjAbY6cQ/9PcBXmFoWuw1sQ3b8HqUCR6ziGXjkTi//kB9SWa2UwqlgdAIuRqAa/9hVljzPehbYg==}
    engines: {node: '>=12'}
    dev: false

  /eventemitter3@5.0.1:
    resolution: {integrity: sha512-GWkBvjiSZK87ELrYOSESUYeVIc9mvLLf/nXalMOS5dYrgZq9o5OVkbZAVM06CVxYsCwH9BDZFPlQTlPA1j4ahA==}
    dev: false

  /fetch-blob@3.2.0:
    resolution: {integrity: sha512-7yAQpD2UMJzLi1Dqv7qFYnPbaPx7ZfFK6PiIxQ4PfkGPyNyl2Ugx+a/umUonmKqjhM4DnfbMvdX6otXq83soQQ==}
    engines: {node: ^12.20 || >= 14.13}
    dependencies:
      node-domexception: 1.0.0
      web-streams-polyfill: 3.3.3
    dev: false

  /follow-redirects@1.15.5:
    resolution: {integrity: sha512-vSFWUON1B+yAw1VN4xMfxgn5fTUiaOzAJCKBwIIgT/+7CuGy9+r+5gITvP62j3RmaD5Ph65UaERdOSRGUzZtgw==}
    engines: {node: '>=4.0'}
    peerDependencies:
      debug: '*'
    peerDependenciesMeta:
      debug:
        optional: true
    dev: false

  /formdata-polyfill@4.0.10:
    resolution: {integrity: sha512-buewHzMvYL29jdeQTVILecSaZKnt/RJWjoZCF5OW60Z67/GmSLBkOFM7qh1PI3zFNtJbaZL5eQu1vLfazOwj4g==}
    engines: {node: '>=12.20.0'}
    dependencies:
      fetch-blob: 3.2.0
    dev: false

  /globalyzer@0.1.0:
    resolution: {integrity: sha512-40oNTM9UfG6aBmuKxk/giHn5nQ8RVz/SS4Ir6zgzOv9/qC3kKZ9v4etGTcJbEl/NyVQH7FGU7d+X1egr57Md2Q==}
    requiresBuild: true
    dev: false
    optional: true

  /globrex@0.1.2:
    resolution: {integrity: sha512-uHJgbwAMwNFf5mLst7IWLNg14x1CkeqglJb/K3doi4dw6q2IvAAmM/Y81kevy83wP+Sst+nutFTYOGg3d1lsxg==}
    requiresBuild: true
    dev: false
    optional: true

  /isomorphic-ws@5.0.0(ws@8.16.0):
    resolution: {integrity: sha512-muId7Zzn9ywDsyXgTIafTry2sV3nySZeUDe6YedVd1Hvuuep5AsIlqK+XefWpYTyJG5e503F2xIuT2lcU6rCSw==}
    peerDependencies:
      ws: '*'
    dependencies:
      ws: 8.16.0
    dev: false

  /js-yaml@4.1.0:
    resolution: {integrity: sha512-wpxZs9NoxZaJESJGIZTyDEaYpl0FKSA+FB9aJiyemKhMwkxQg63h4T1KJgUGHpTqPDNRcmmYLugrRjJlBtWvRA==}
    hasBin: true
    requiresBuild: true
    dependencies:
      argparse: 2.0.1
    dev: false
    optional: true

  /jsonc-parser@3.2.1:
    resolution: {integrity: sha512-AilxAyFOAcK5wA1+LeaySVBrHsGQvUFCDWXKpZjzaL0PqW+xfBOttn8GNtWKFWqneyMZj41MWF9Kl6iPWLwgOA==}
    dev: false

  /lodash.defaultsdeep@4.6.1:
    resolution: {integrity: sha512-3j8wdDzYuWO3lM3Reg03MuQR957t287Rpcxp1njpEa8oDrikb+FwGdW3n+FELh/A6qib6yPit0j/pv9G/yeAqA==}
    dev: false

  /long@5.2.3:
    resolution: {integrity: sha512-lcHwpNoggQTObv5apGNCTdJrO69eHOZMi4BNC+rTLER8iHAqGrUVeLh/irVIM7zTw2bOXA8T6uNPeujwOLg/2Q==}
    dev: false

  /lunr@2.3.9:
    resolution: {integrity: sha512-zTU3DaZaF3Rt9rhN3uBMGQD3dD2/vFQqnvZCDv4dl5iOzq2IZQqTxu90r4E5J+nP70J3ilqVCrbho2eWaeW8Ow==}
    dev: false

  /marked@4.3.0:
    resolution: {integrity: sha512-PRsaiG84bK+AMvxziE/lCFss8juXjNaWzVbN5tXAm4XjeaS9NAHhop+PjQxz2A9h8Q4M/xGmzP8vqNwy6JeK0A==}
    engines: {node: '>= 12'}
    hasBin: true
    dev: false

  /mime@3.0.0:
    resolution: {integrity: sha512-jSCU7/VB1loIWBZe14aEYHU/+1UMEHoaO7qxCOVJOw9GgH72VAWppxNcjU+x9a2k3GSIBXNKxXQFqRvvZ7vr3A==}
    engines: {node: '>=10.0.0'}
    hasBin: true
    requiresBuild: true
    dev: false
    optional: true

  /minimatch@9.0.3:
    resolution: {integrity: sha512-RHiac9mvaRw0x3AYRgDC1CxAP7HTcNrrECeA8YYJeWnpo+2Q5CegtZjaotWTWxDG3UeGA1coE05iH1mPjT/2mg==}
    engines: {node: '>=16 || 14 >=14.17'}
    dependencies:
      brace-expansion: 2.0.1
    dev: false

  /node-domexception@1.0.0:
    resolution: {integrity: sha512-/jKZoMpw0F8GRwl4/eLROPA3cfcXtLApP0QzLmUT/HuPCZWyB7IY9ZrMeKw2O/nFIqPQB3PVM9aYm0F312AXDQ==}
    engines: {node: '>=10.5.0'}
    dev: false

  /node-fetch@3.3.2:
    resolution: {integrity: sha512-dRB78srN/l6gqWulah9SrxeYnxeddIG30+GOqK/9OlLVyLg3HPnr6SqOWTWOXKRwC2eGYCkZ59NNuSgvSrpgOA==}
    engines: {node: ^12.20.0 || ^14.13.1 || >=16.0.0}
    dependencies:
      data-uri-to-buffer: 4.0.1
      fetch-blob: 3.2.0
      formdata-polyfill: 4.0.10
    dev: false

  /openapi-typescript@5.4.1:
    resolution: {integrity: sha512-AGB2QiZPz4rE7zIwV3dRHtoUC/CWHhUjuzGXvtmMQN2AFV8xCTLKcZUHLcdPQmt/83i22nRE7+TxXOXkK+gf4Q==}
    engines: {node: '>= 14.0.0'}
    hasBin: true
    requiresBuild: true
    dependencies:
      js-yaml: 4.1.0
      mime: 3.0.0
      prettier: 2.8.8
      tiny-glob: 0.2.9
      undici: 5.28.3
      yargs-parser: 21.1.1
    dev: false
    optional: true

  /prettier@2.8.8:
    resolution: {integrity: sha512-tdN8qQGvNjw4CHbY+XXk0JgCXn9QiF21a55rBe5LJAU+kDyC4WQn4+awm2Xfk2lQMk5fKup9XgzTZtGkjBdP9Q==}
    engines: {node: '>=10.13.0'}
    hasBin: true
    requiresBuild: true
    dev: false
    optional: true

  /revolt-api@0.6.9:
    resolution: {integrity: sha512-Z9YcsVh91bl+JVcVqzeL1tKWn1IExXDTwI0HMbEQ8X+eiuLhWG31HQSa6ESf12jI8eSv1c3jj99v5LbgGODYLA==}
    dependencies:
      '@insertish/oapi': 0.1.18
      axios: 0.26.1
      lodash.defaultsdeep: 4.6.1
    transitivePeerDependencies:
      - debug
    dev: false

  /revolt.js@7.0.0-beta.11(typescript@5.1.6):
    resolution: {integrity: sha512-IO1Foz7XsJTMQUSDWWlgKVy9zw6b12jizvt9/BRPt3cSaKgw+8JDHgxmjlYK37PPOV00ZeZsrl48XF6aQVdoNQ==}
    dependencies:
      '@mxssfd/typedoc-theme': 1.1.3(typedoc@0.24.8)
      '@solid-primitives/map': 0.4.9(solid-js@1.8.15)
      '@solid-primitives/set': 0.4.9(solid-js@1.8.15)
      eventemitter3: 5.0.1
      isomorphic-ws: 5.0.0(ws@8.16.0)
      long: 5.2.3
      revolt-api: 0.6.9
      solid-js: 1.8.15
      typedoc: 0.24.8(typescript@5.1.6)
      ulid: 2.3.0
      ws: 8.16.0
    transitivePeerDependencies:
      - bufferutil
      - debug
      - typescript
      - utf-8-validate
    dev: false

  /seroval-plugins@1.0.4(seroval@1.0.4):
    resolution: {integrity: sha512-DQ2IK6oQVvy8k+c2V5x5YCtUa/GGGsUwUBNN9UqohrZ0rWdUapBFpNMYP1bCyRHoxOJjdKGl+dieacFIpU/i1A==}
    engines: {node: '>=10'}
    peerDependencies:
      seroval: ^1.0
    dependencies:
      seroval: 1.0.4
    dev: false

  /seroval@1.0.4:
    resolution: {integrity: sha512-qQs/N+KfJu83rmszFQaTxcoJoPn6KNUruX4KmnmyD0oZkUoiNvJ1rpdYKDf4YHM05k+HOgCxa3yvf15QbVijGg==}
    engines: {node: '>=10'}
    dev: false

  /shiki@0.14.7:
    resolution: {integrity: sha512-dNPAPrxSc87ua2sKJ3H5dQ/6ZaY8RNnaAqK+t0eG7p0Soi2ydiqbGOTaZCqaYvA/uZYfS1LJnemt3Q+mSfcPCg==}
    dependencies:
      ansi-sequence-parser: 1.1.1
      jsonc-parser: 3.2.1
      vscode-oniguruma: 1.7.0
      vscode-textmate: 8.0.0
    dev: false

  /solid-js@1.8.15:
    resolution: {integrity: sha512-d0QP/efr3UVcwGgWVPveQQ0IHOH6iU7yUhc2piy8arNG8wxKmvUy1kFxyF8owpmfCWGB87usDKMaVnsNYZm+Vw==}
    dependencies:
      csstype: 3.1.3
      seroval: 1.0.4
      seroval-plugins: 1.0.4(seroval@1.0.4)
    dev: false

  /tiny-glob@0.2.9:
    resolution: {integrity: sha512-g/55ssRPUjShh+xkfx9UPDXqhckHEsHr4Vd9zX55oSdGZc/MD0m3sferOkwWtp98bv+kcVfEHtRJgBVJzelrzg==}
    requiresBuild: true
    dependencies:
      globalyzer: 0.1.0
      globrex: 0.1.2
    dev: false
    optional: true

  /typedoc@0.24.8(typescript@5.1.6):
    resolution: {integrity: sha512-ahJ6Cpcvxwaxfu4KtjA8qZNqS43wYt6JL27wYiIgl1vd38WW/KWX11YuAeZhuz9v+ttrutSsgK+XO1CjL1kA3w==}
    engines: {node: '>= 14.14'}
    hasBin: true
    peerDependencies:
      typescript: 4.6.x || 4.7.x || 4.8.x || 4.9.x || 5.0.x || 5.1.x
    dependencies:
      lunr: 2.3.9
      marked: 4.3.0
      minimatch: 9.0.3
      shiki: 0.14.7
      typescript: 5.1.6
    dev: false

  /typescript@4.9.5:
    resolution: {integrity: sha512-1FXk9E2Hm+QzZQ7z+McJiHL4NW1F2EzMu9Nq9i3zAaGqibafqYwCVU6WyWAuyQRRzOlxou8xZSyXLEN8oKj24g==}
    engines: {node: '>=4.2.0'}
    hasBin: true
    dev: false

  /typescript@5.1.6:
    resolution: {integrity: sha512-zaWCozRZ6DLEWAWFrVDz1H6FVXzUSfTy5FUMWsQlU8Ym5JP9eO4xkTIROFCQvhQf61z6O/G6ugw3SgAnvvm+HA==}
    engines: {node: '>=14.17'}
    hasBin: true
    dev: false

  /ulid@2.3.0:
    resolution: {integrity: sha512-keqHubrlpvT6G2wH0OEfSW4mquYRcbe/J8NMmveoQOjUqmo+hXtO+ORCpWhdbZ7k72UtY61BL7haGxW6enBnjw==}
    hasBin: true
    dev: false

  /undici@5.28.3:
    resolution: {integrity: sha512-3ItfzbrhDlINjaP0duwnNsKpDQk3acHI3gVJ1z4fmwMK31k5G9OVIAMLSIaP6w4FaGkaAkN6zaQO9LUvZ1t7VA==}
    engines: {node: '>=14.0'}
    requiresBuild: true
    dependencies:
      '@fastify/busboy': 2.1.0
    dev: false
    optional: true

  /vscode-oniguruma@1.7.0:
    resolution: {integrity: sha512-L9WMGRfrjOhgHSdOYgCt/yRMsXzLDJSL7BPrOZt73gU0iWO4mpqzqQzOz5srxqTvMBaR0XZTSrVWo4j55Rc6cA==}
    dev: false

  /vscode-textmate@8.0.0:
    resolution: {integrity: sha512-AFbieoL7a5LMqcnOF04ji+rpXadgOXnZsxQr//r83kLPr7biP7am3g9zbaZIaBGwBRWeSvoMD4mgPdX3e4NWBg==}
    dev: false

  /web-streams-polyfill@3.3.3:
    resolution: {integrity: sha512-d2JWLCivmZYTSIoge9MsgFCZrt571BikcWGYkjC1khllbTeDlGqZ2D8vD8E/lJa8WGWbb7Plm8/XJYV7IJHZZw==}
    engines: {node: '>= 8'}
    dev: false

  /ws@8.16.0:
    resolution: {integrity: sha512-HS0c//TP7Ina87TfiPUz1rQzMhHrl/SG2guqRcTOIUYD2q8uhUdNHZYJUaQ8aTGPzCh+c6oawMKW35nFl1dxyQ==}
    engines: {node: '>=10.0.0'}
    peerDependencies:
      bufferutil: ^4.0.1
      utf-8-validate: '>=5.0.2'
    peerDependenciesMeta:
      bufferutil:
        optional: true
      utf-8-validate:
        optional: true
    dev: false

  /yargs-parser@21.1.1:
    resolution: {integrity: sha512-tVpsJW7DdjecAiFpbIB1e3qxIQsE6NoPc5/eTdrbbIC4h0LVsWhnoa3g+m2HclBIujHzsxZ4VJVA+GUuc2/LBw==}
    engines: {node: '>=12'}
    requiresBuild: true
    dev: false
    optional: true
